
Microsoft Visual Studio Solution File, Format Version 12.00
# Visual Studio Version 17
VisualStudioVersion = 17.5.33530.505
MinimumVisualStudioVersion = 10.0.40219.1
Project("{9A19103F-16F7-4668-BE54-9A1E7A4F7556}") = "Funciones Eunice", "Funciones Eunice\Funciones Eunice.csproj", "{734B3B38-04C0-48E5-BFA1-CE13FDAD49C6}"
EndProject
Project("{2150E333-8FDC-42A3-9474-1A3956D46DE8}") = "Solution Items", "Solution Items", "{7B2D51B0-2243-4618-9760-F9F3BA372E57}"
	ProjectSection(SolutionItems) = preProject
		.editorconfig = .editorconfig
	EndProjectSection
EndProject
Global
	GlobalSection(SolutionConfigurationPlatforms) = preSolution
		Debug|Any CPU = Debug|Any CPU
		Release|Any CPU = Release|Any CPU
	EndGlobalSection
	GlobalSection(ProjectConfigurationPlatforms) = postSolution
		{734B3B38-04C0-48E5-BFA1-CE13FDAD49C6}.Debug|Any CPU.ActiveCfg = Debug|Any CPU
		{734B3B38-04C0-48E5-BFA1-CE13FDAD49C6}.Debug|Any CPU.Build.0 = Debug|Any CPU
		{734B3B38-04C0-48E5-BFA1-CE13FDAD49C6}.Release|Any CPU.ActiveCfg = Release|Any CPU
		{734B3B38-04C0-48E5-BFA1-CE13FDAD49C6}.Release|Any CPU.Build.0 = Release|Any CPU
	EndGlobalSection
	GlobalSection(SolutionProperties) = preSolution
		HideSolutionNode = FALSE
	EndGlobalSection
	GlobalSection(ExtensibilityGlobals) = postSolution
		SolutionGuid = {AB4D31FB-5511-40E8-B4C8-08727581ED26}
	EndGlobalSection
EndGlobal
